// !$*UTF8*$!
{
	archiveVersion = 1;
	classes = {
	};
	objectVersion = 56;
	objects = {

/* Begin PBXBuildFile section */
		102DCA3D2B6914A300E7B392 /* NewsViewModel.swift in Sources */ = {isa = PBXBuildFile; fileRef = 102DCA3C2B6914A300E7B392 /* NewsViewModel.swift */; };
		10F537A42B6833F000357AE2 /* AppDelegate.swift in Sources */ = {isa = PBXBuildFile; fileRef = 10F537A32B6833F000357AE2 /* AppDelegate.swift */; };
		10F537A62B6833F000357AE2 /* SceneDelegate.swift in Sources */ = {isa = PBXBuildFile; fileRef = 10F537A52B6833F000357AE2 /* SceneDelegate.swift */; };
		10F537A82B6833F000357AE2 /* ViewController.swift in Sources */ = {isa = PBXBuildFile; fileRef = 10F537A72B6833F000357AE2 /* ViewController.swift */; };
		10F537AB2B6833F000357AE2 /* Main.storyboard in Resources */ = {isa = PBXBuildFile; fileRef = 10F537A92B6833F000357AE2 /* Main.storyboard */; };
		10F537AD2B6833F100357AE2 /* Assets.xcassets in Resources */ = {isa = PBXBuildFile; fileRef = 10F537AC2B6833F100357AE2 /* Assets.xcassets */; };
		10F537B02B6833F100357AE2 /* LaunchScreen.storyboard in Resources */ = {isa = PBXBuildFile; fileRef = 10F537AE2B6833F100357AE2 /* LaunchScreen.storyboard */; };
		10F537B82B68353100357AE2 /* NewsTableViewCell.swift in Sources */ = {isa = PBXBuildFile; fileRef = 10F537B72B68353100357AE2 /* NewsTableViewCell.swift */; };
		10F537BE2B6836BA00357AE2 /* News.swift in Sources */ = {isa = PBXBuildFile; fileRef = 10F537BD2B6836BA00357AE2 /* News.swift */; };
		10F537C02B68388F00357AE2 /* Webservice.swift in Sources */ = {isa = PBXBuildFile; fileRef = 10F537BF2B68388F00357AE2 /* Webservice.swift */; };
/* End PBXBuildFile section */

/* Begin PBXFileReference section */
		102DCA3C2B6914A300E7B392 /* NewsViewModel.swift */ = {isa = PBXFileReference; lastKnownFileType = sourcecode.swift; path = NewsViewModel.swift; sourceTree = "<group>"; };
		10F537A02B6833F000357AE2 /* NewsDemo.app */ = {isa = PBXFileReference; explicitFileType = wrapper.application; includeInIndex = 0; path = NewsDemo.app; sourceTree = BUILT_PRODUCTS_DIR; };
		10F537A32B6833F000357AE2 /* AppDelegate.swift */ = {isa = PBXFileReference; lastKnownFileType = sourcecode.swift; path = AppDelegate.swift; sourceTree = "<group>"; };
		10F537A52B6833F000357AE2 /* SceneDelegate.swift */ = {isa = PBXFileReference; lastKnownFileType = sourcecode.swift; path = SceneDelegate.swift; sourceTree = "<group>"; };
		10F537A72B6833F000357AE2 /* ViewController.swift */ = {isa = PBXFileReference; lastKnownFileType = sourcecode.swift; path = ViewController.swift; sourceTree = "<group>"; };
		10F537AA2B6833F000357AE2 /* Base */ = {isa = PBXFileReference; lastKnownFileType = file.storyboard; name = Base; path = Base.lproj/Main.storyboard; sourceTree = "<group>"; };
		10F537AC2B6833F100357AE2 /* Assets.xcassets */ = {isa = PBXFileReference; lastKnownFileType = folder.assetcatalog; path = Assets.xcassets; sourceTree = "<group>"; };
		10F537AF2B6833F100357AE2 /* Base */ = {isa = PBXFileReference; lastKnownFileType = file.storyboard; name = Base; path = Base.lproj/LaunchScreen.storyboard; sourceTree = "<group>"; };
		10F537B12B6833F100357AE2 /* Info.plist */ = {isa = PBXFileReference; lastKnownFileType = text.plist.xml; path = Info.plist; sourceTree = "<group>"; };
		10F537B72B68353100357AE2 /* NewsTableViewCell.swift */ = {isa = PBXFileReference; lastKnownFileType = sourcecode.swift; path = NewsTableViewCell.swift; sourceTree = "<group>"; };
		10F537BD2B6836BA00357AE2 /* News.swift */ = {isa = PBXFileReference; lastKnownFileType = sourcecode.swift; path = News.swift; sourceTree = "<group>"; };
		10F537BF2B68388F00357AE2 /* Webservice.swift */ = {isa = PBXFileReference; lastKnownFileType = sourcecode.swift; path = Webservice.swift; sourceTree = "<group>"; };
/* End PBXFileReference section */

/* Begin PBXFrameworksBuildPhase section */
		10F5379D2B6833F000357AE2 /* Frameworks */ = {
			isa = PBXFrameworksBuildPhase;
			buildActionMask = 2147483647;
			files = (
			);
			runOnlyForDeploymentPostprocessing = 0;
		};
/* End PBXFrameworksBuildPhase section */

/* Begin PBXGroup section */
		10F537972B6833F000357AE2 = {
			isa = PBXGroup;
			children = (
				10F537A22B6833F000357AE2 /* NewsDemo */,
				10F537A12B6833F000357AE2 /* Products */,
			);
			sourceTree = "<group>";
		};
		10F537A12B6833F000357AE2 /* Products */ = {
			isa = PBXGroup;
			children = (
				10F537A02B6833F000357AE2 /* NewsDemo.app */,
			);
			name = Products;
			sourceTree = "<group>";
		};
		10F537A22B6833F000357AE2 /* NewsDemo */ = {
			isa = PBXGroup;
			children = (
				10F537BC2B68369A00357AE2 /* Service */,
				10F537BB2B68369400357AE2 /* ViewModel */,
				10F537BA2B68368C00357AE2 /* View */,
				10F537B92B68368600357AE2 /* Model */,
				10F537A92B6833F000357AE2 /* Main.storyboard */,
				10F537AC2B6833F100357AE2 /* Assets.xcassets */,
				10F537AE2B6833F100357AE2 /* LaunchScreen.storyboard */,
				10F537B12B6833F100357AE2 /* Info.plist */,
			);
			path = NewsDemo;
			sourceTree = "<group>";
		};
		10F537B92B68368600357AE2 /* Model */ = {
			isa = PBXGroup;
			children = (
				10F537BD2B6836BA00357AE2 /* News.swift */,
			);
			path = Model;
			sourceTree = "<group>";
		};
		10F537BA2B68368C00357AE2 /* View */ = {
			isa = PBXGroup;
			children = (
				10F537A32B6833F000357AE2 /* AppDelegate.swift */,
				10F537A52B6833F000357AE2 /* SceneDelegate.swift */,
				10F537A72B6833F000357AE2 /* ViewController.swift */,
				10F537B72B68353100357AE2 /* NewsTableViewCell.swift */,
			);
			path = View;
			sourceTree = "<group>";
		};
		10F537BB2B68369400357AE2 /* ViewModel */ = {
			isa = PBXGroup;
			children = (
				102DCA3C2B6914A300E7B392 /* NewsViewModel.swift */,
			);
			path = ViewModel;
			sourceTree = "<group>";
		};
		10F537BC2B68369A00357AE2 /* Service */ = {
			isa = PBXGroup;
			children = (
				10F537BF2B68388F00357AE2 /* Webservice.swift */,
			);
			path = Service;
			sourceTree = "<group>";
		};
/* End PBXGroup section */

/* Begin PBXNativeTarget section */
		10F5379F2B6833F000357AE2 /* NewsDemo */ = {
			isa = PBXNativeTarget;
			buildConfigurationList = 10F537B42B6833F100357AE2 /* Build configuration list for PBXNativeTarget "NewsDemo" */;
			buildPhases = (
				10F5379C2B6833F000357AE2 /* Sources */,
				10F5379D2B6833F000357AE2 /* Frameworks */,
				10F5379E2B6833F000357AE2 /* Resources */,
			);
			buildRules = (
			);
			dependencies = (
			);
			name = NewsDemo;
			productName = NewsDemo;
			productReference = 10F537A02B6833F000357AE2 /* NewsDemo.app */;
			productType = "com.apple.product-type.application";
		};
/* End PBXNativeTarget section */

/* Begin PBXProject section */
		10F537982B6833F000357AE2 /* Project object */ = {
			isa = PBXProject;
			attributes = {
				BuildIndependentTargetsInParallel = 1;
				LastSwiftUpdateCheck = 1510;
				LastUpgradeCheck = 1510;
				TargetAttributes = {
					10F5379F2B6833F000357AE2 = {
						CreatedOnToolsVersion = 15.1;
					};
				};
			};
			buildConfigurationList = 10F5379B2B6833F000357AE2 /* Build configuration list for PBXProject "NewsDemo" */;
			compatibilityVersion = "Xcode 14.0";
			developmentRegion = en;
			hasScannedForEncodings = 0;
			knownRegions = (
				en,
				Base,
			);
			mainGroup = 10F537972B6833F000357AE2;
			productRefGroup = 10F537A12B6833F000357AE2 /* Products */;
			projectDirPath = "";
			projectRoot = "";
			targets = (
				10F5379F2B6833F000357AE2 /* NewsDemo */,
			);
		};
/* End PBXProject section */

/* Begin PBXResourcesBuildPhase section */
		10F5379E2B6833F000357AE2 /* Resources */ = {
			isa = PBXResourcesBuildPhase;
			buildActionMask = 2147483647;
			files = (
				10F537B02B6833F100357AE2 /* LaunchScreen.storyboard in Resources */,
				10F537AD2B6833F100357AE2 /* Assets.xcassets in Resources */,
				10F537AB2B6833F000357AE2 /* Main.storyboard in Resources */,
			);
			runOnlyForDeploymentPostprocessing = 0;
		};
/* End PBXResourcesBuildPhase section */

/* Begin PBXSourcesBuildPhase section */
		10F5379C2B6833F000357AE2 /* Sources */ = {
			isa = PBXSourcesBuildPhase;
			buildActionMask = 2147483647;
			files = (
				10F537A82B6833F000357AE2 /* ViewController.swift in Sources */,
				10F537A42B6833F000357AE2 /* AppDelegate.swift in Sources */,
				10F537C02B68388F00357AE2 /* Webservice.swift in Sources */,
				10F537B82B68353100357AE2 /* NewsTableViewCell.swift in Sources */,
				102DCA3D2B6914A300E7B392 /* NewsViewModel.swift in Sources */,
				10F537BE2B6836BA00357AE2 /* News.swift in Sources */,
				10F537A62B6833F000357AE2 /* SceneDelegate.swift in Sources */,
			);
			runOnlyForDeploymentPostprocessing = 0;
		};
/* End PBXSourcesBuildPhase section */

/* Begin PBXVariantGroup section */
		10F537A92B6833F000357AE2 /* Main.storyboard */ = {
			isa = PBXVariantGroup;
			children = (
				10F537AA2B6833F000357AE2 /* Base */,
			);
			name = Main.storyboard;
			sourceTree = "<group>";
		};
		10F537AE2B6833F100357AE2 /* LaunchScreen.storyboard */ = {
			isa = PBXVariantGroup;
			children = (
				10F537AF2B6833F100357AE2 /* Base */,
			);
			name = LaunchScreen.storyboard;
			sourceTree = "<group>";
		};
/* End PBXVariantGroup section */

/* Begin XCBuildConfiguration section */
		10F537B22B6833F100357AE2 /* Debug */ = {
			isa = XCBuildConfiguration;
			buildSettings = {
				ALWAYS_SEARCH_USER_PATHS = NO;
				ASSETCATALOG_COMPILER_GENERATE_SWIFT_ASSET_SYMBOL_EXTENSIONS = YES;
				CLANG_ANALYZER_NONNULL = YES;
				CLANG_ANALYZER_NUMBER_OBJECT_CONVERSION = YES_AGGRESSIVE;
				CLANG_CXX_LANGUAGE_STANDARD = "gnu++20";
				CLANG_ENABLE_MODULES = YES;
				CLANG_ENABLE_OBJC_ARC = YES;
				CLANG_ENABLE_OBJC_WEAK = YES;
				CLANG_WARN_BLOCK_CAPTURE_AUTORELEASING = YES;
				CLANG_WARN_BOOL_CONVERSION = YES;
				CLANG_WARN_COMMA = YES;
				CLANG_WARN_CONSTANT_CONVERSION = YES;
				CLANG_WARN_DEPRECATED_OBJC_IMPLEMENTATIONS = YES;
				CLANG_WARN_DIRECT_OBJC_ISA_USAGE = YES_ERROR;
				CLANG_WARN_DOCUMENTATION_COMMENTS = YES;
				CLANG_WARN_EMPTY_BODY = YES;
				CLANG_WARN_ENUM_CONVERSION = YES;
				CLANG_WARN_INFINITE_RECURSION = YES;
				CLANG_WARN_INT_CONVERSION = YES;
				CLANG_WARN_NON_LITERAL_NULL_CONVERSION = YES;
				CLANG_WARN_OBJC_IMPLICIT_RETAIN_SELF = YES;
				CLANG_WARN_OBJC_LITERAL_CONVERSION = YES;
				CLANG_WARN_OBJC_ROOT_CLASS = YES_ERROR;
				CLANG_WARN_QUOTED_INCLUDE_IN_FRAMEWORK_HEADER = YES;
				CLANG_WARN_RANGE_LOOP_ANALYSIS = YES;
				CLANG_WARN_STRICT_PROTOTYPES = YES;
				CLANG_WARN_SUSPICIOUS_MOVE = YES;
				CLANG_WARN_UNGUARDED_AVAILABILITY = YES_AGGRESSIVE;
				CLANG_WARN_UNREACHABLE_CODE = YES;
				CLANG_WARN__DUPLICATE_METHOD_MATCH = YES;
				COPY_PHASE_STRIP = NO;
				DEBUG_INFORMATION_FORMAT = dwarf;
				ENABLE_STRICT_OBJC_MSGSEND = YES;
				ENABLE_TESTABILITY = YES;
				ENABLE_USER_SCRIPT_SANDBOXING = YES;
				GCC_C_LANGUAGE_STANDARD = gnu17;
				GCC_DYNAMIC_NO_PIC = NO;
				GCC_NO_COMMON_BLOCKS = YES;
				GCC_OPTIMIZATION_LEVEL = 0;
				GCC_PREPROCESSOR_DEFINITIONS = (
					"DEBUG=1",
					"$(inherited)",
				);
				GCC_WARN_64_TO_32_BIT_CONVERSION = YES;
				GCC_WARN_ABOUT_RETURN_TYPE = YES_ERROR;
				GCC_WARN_UNDECLARED_SELECTOR = YES;
				GCC_WARN_UNINITIALIZED_AUTOS = YES_AGGRESSIVE;
				GCC_WARN_UNUSED_FUNCTION = YES;
				GCC_WARN_UNUSED_VARIABLE = YES;
				IPHONEOS_DEPLOYMENT_TARGET = 17.2;
				LOCALIZATION_PREFERS_STRING_CATALOGS = YES;
				MTL_ENABLE_DEBUG_INFO = INCLUDE_SOURCE;
				MTL_FAST_MATH = YES;
				ONLY_ACTIVE_ARCH = YES;
				SDKROOT = iphoneos;
				SWIFT_ACTIVE_COMPILATION_CONDITIONS = "DEBUG $(inherited)";
				SWIFT_OPTIMIZATION_LEVEL = "-Onone";
			};
			name = Debug;
		};
		10F537B32B6833F100357AE2 /* Release */ = {
			isa = XCBuildConfiguration;
			buildSettings = {
				ALWAYS_SEARCH_USER_PATHS = NO;
				ASSETCATALOG_COMPILER_GENERATE_SWIFT_ASSET_SYMBOL_EXTENSIONS = YES;
				CLANG_ANALYZER_NONNULL = YES;
				CLANG_ANALYZER_NUMBER_OBJECT_CONVERSION = YES_AGGRESSIVE;
				CLANG_CXX_LANGUAGE_STANDARD = "gnu++20";
				CLANG_ENABLE_MODULES = YES;
				CLANG_ENABLE_OBJC_ARC = YES;
				CLANG_ENABLE_OBJC_WEAK = YES;
				CLANG_WARN_BLOCK_CAPTURE_AUTORELEASING = YES;
				CLANG_WARN_BOOL_CONVERSION = YES;
				CLANG_WARN_COMMA = YES;
				CLANG_WARN_CONSTANT_CONVERSION = YES;
				CLANG_WARN_DEPRECATED_OBJC_IMPLEMENTATIONS = YES;
				CLANG_WARN_DIRECT_OBJC_ISA_USAGE = YES_ERROR;
				CLANG_WARN_DOCUMENTATION_COMMENTS = YES;
				CLANG_WARN_EMPTY_BODY = YES;
				CLANG_WARN_ENUM_CONVERSION = YES;
				CLANG_WARN_INFINITE_RECURSION = YES;
				CLANG_WARN_INT_CONVERSION = YES;
				CLANG_WARN_NON_LITERAL_NULL_CONVERSION = YES;
				CLANG_WARN_OBJC_IMPLICIT_RETAIN_SELF = YES;
				CLANG_WARN_OBJC_LITERAL_CONVERSION = YES;
				CLANG_WARN_OBJC_ROOT_CLASS = YES_ERROR;
				CLANG_WARN_QUOTED_INCLUDE_IN_FRAMEWORK_HEADER = YES;
				CLANG_WARN_RANGE_LOOP_ANALYSIS = YES;
				CLANG_WARN_STRICT_PROTOTYPES = YES;
				CLANG_WARN_SUSPICIOUS_MOVE = YES;
				CLANG_WARN_UNGUARDED_AVAILABILITY = YES_AGGRESSIVE;
				CLANG_WARN_UNREACHABLE_CODE = YES;
				CLANG_WARN__DUPLICATE_METHOD_MATCH = YES;
				COPY_PHASE_STRIP = NO;
				DEBUG_INFORMATION_FORMAT = "dwarf-with-dsym";
				ENABLE_NS_ASSERTIONS = NO;
				ENABLE_STRICT_OBJC_MSGSEND = YES;
				ENABLE_USER_SCRIPT_SANDBOXING = YES;
				GCC_C_LANGUAGE_STANDARD = gnu17;
				GCC_NO_COMMON_BLOCKS = YES;
				GCC_WARN_64_TO_32_BIT_CONVERSION = YES;
				GCC_WARN_ABOUT_RETURN_TYPE = YES_ERROR;
				GCC_WARN_UNDECLARED_SELECTOR = YES;
				GCC_WARN_UNINITIALIZED_AUTOS = YES_AGGRESSIVE;
				GCC_WARN_UNUSED_FUNCTION = YES;
				GCC_WARN_UNUSED_VARIABLE = YES;
				IPHONEOS_DEPLOYMENT_TARGET = 17.2;
				LOCALIZATION_PREFERS_STRING_CATALOGS = YES;
				MTL_ENABLE_DEBUG_INFO = NO;
				MTL_FAST_MATH = YES;
				SDKROOT = iphoneos;
				SWIFT_COMPILATION_MODE = wholemodule;
				VALIDATE_PRODUCT = YES;
			};
			name = Release;
		};
		10F537B52B6833F100357AE2 /* Debug */ = {
			isa = XCBuildConfiguration;
			buildSettings = {
				ASSETCATALOG_COMPILER_APPICON_NAME = AppIcon;
				ASSETCATALOG_COMPILER_GLOBAL_ACCENT_COLOR_NAME = AccentColor;
				CODE_SIGN_STYLE = Automatic;
				CURRENT_PROJECT_VERSION = 1;
				GENERATE_INFOPLIST_FILE = YES;
				INFOPLIST_FILE = NewsDemo/Info.plist;
				INFOPLIST_KEY_UIApplicationSupportsIndirectInputEvents = YES;
				INFOPLIST_KEY_UILaunchStoryboardName = LaunchScreen;
				INFOPLIST_KEY_UIMainStoryboardFile = Main;
				INFOPLIST_KEY_UISupportedInterfaceOrientations_iPad = "UIInterfaceOrientationPortrait UIInterfaceOrientationPortraitUpsideDown UIInterfaceOrientationLandscapeLeft UIInterfaceOrientationLandscapeRight";
				INFOPLIST_KEY_UISupportedInterfaceOrientations_iPhone = "UIInterfaceOrientationPortrait UIInterfaceOrientationLandscapeLeft UIInterfaceOrientationLandscapeRight";
				LD_RUNPATH_SEARCH_PATHS = (
					"$(inherited)",
					"@executable_path/Frameworks",
				);
				MARKETING_VERSION = 1.0;
				PRODUCT_BUNDLE_IDENTIFIER = me.gul.guray.NewsDemo;
				PRODUCT_NAME = "$(TARGET_NAME)";
				SWIFT_EMIT_LOC_STRINGS = YES;
				SWIFT_VERSION = 5.0;
				TARGETED_DEVICE_FAMILY = "1,2";
			};
			name = Debug;
		};
		10F537B62B6833F100357AE2 /* Release */ = {
			isa = XCBuildConfiguration;
			buildSettings = {
				ASSETCATALOG_COMPILER_APPICON_NAME = AppIcon;
				ASSETCATALOG_COMPILER_GLOBAL_ACCENT_COLOR_NAME = AccentColor;
				CODE_SIGN_STYLE = Automatic;
				CURRENT_PROJECT_VERSION = 1;
				GENERATE_INFOPLIST_FILE = YES;
				INFOPLIST_FILE = NewsDemo/Info.plist;
				INFOPLIST_KEY_UIApplicationSupportsIndirectInputEvents = YES;
				INFOPLIST_KEY_UILaunchStoryboardName = LaunchScreen;
				INFOPLIST_KEY_UIMainStoryboardFile = Main;
				INFOPLIST_KEY_UISupportedInterfaceOrientations_iPad = "UIInterfaceOrientationPortrait UIInterfaceOrientationPortraitUpsideDown UIInterfaceOrientationLandscapeLeft UIInterfaceOrientationLandscapeRight";
				INFOPLIST_KEY_UISupportedInterfaceOrientations_iPhone = "UIInterfaceOrientationPortrait UIInterfaceOrientationLandscapeLeft UIInterfaceOrientationLandscapeRight";
				LD_RUNPATH_SEARCH_PATHS = (
					"$(inherited)",
					"@executable_path/Frameworks",
				);
				MARKETING_VERSION = 1.0;
				PRODUCT_BUNDLE_IDENTIFIER = me.gul.guray.NewsDemo;
				PRODUCT_NAME = "$(TARGET_NAME)";
				SWIFT_EMIT_LOC_STRINGS = YES;
				SWIFT_VERSION = 5.0;
				TARGETED_DEVICE_FAMILY = "1,2";
			};
			name = Release;
		};
/* End XCBuildConfiguration section */

/* Begin XCConfigurationList section */
		10F5379B2B6833F000357AE2 /* Build configuration list for PBXProject "NewsDemo" */ = {
			isa = XCConfigurationList;
			buildConfigurations = (
				10F537B22B6833F100357AE2 /* Debug */,
				10F537B32B6833F100357AE2 /* Release */,
			);
			defaultConfigurationIsVisible = 0;
			defaultConfigurationName = Release;
		};
		10F537B42B6833F100357AE2 /* Build configuration list for PBXNativeTarget "NewsDemo" */ = {
			isa = XCConfigurationList;
			buildConfigurations = (
				10F537B52B6833F100357AE2 /* Debug */,
				10F537B62B6833F100357AE2 /* Release */,
			);
			defaultConfigurationIsVisible = 0;
			defaultConfigurationName = Release;
		};
/* End XCConfigurationList section */
	};
	rootObject = 10F537982B6833F000357AE2 /* Project object */;
}
